
Microsoft Visual Studio Solution File, Format Version 12.00
# Visual Studio Version 17
VisualStudioVersion = 17.11.35222.181
MinimumVisualStudioVersion = 10.0.40219.1
Project("{FAE04EC0-301F-11D3-BF4B-00C04F79EFBC}") = "rullet", "rullet\rullet.csproj", "{1CA7D118-4BEC-47EA-9653-91A7C4FEBE4D}"
EndProject
Global
	GlobalSection(SolutionConfigurationPlatforms) = preSolution
		Debug|Any CPU = Debug|Any CPU
		Release|Any CPU = Release|Any CPU
	EndGlobalSection
	GlobalSection(ProjectConfigurationPlatforms) = postSolution
		{1CA7D118-4BEC-47EA-9653-91A7C4FEBE4D}.Debug|Any CPU.ActiveCfg = Debug|Any CPU
		{1CA7D118-4BEC-47EA-9653-91A7C4FEBE4D}.Debug|Any CPU.Build.0 = Debug|Any CPU
		{1CA7D118-4BEC-47EA-9653-91A7C4FEBE4D}.Release|Any CPU.ActiveCfg = Release|Any CPU
		{1CA7D118-4BEC-47EA-9653-91A7C4FEBE4D}.Release|Any CPU.Build.0 = Release|Any CPU
	EndGlobalSection
	GlobalSection(SolutionProperties) = preSolution
		HideSolutionNode = FALSE
	EndGlobalSection
	GlobalSection(ExtensibilityGlobals) = postSolution
		SolutionGuid = {7DE58EA4-592B-4F20-8E72-6748FDBF2681}
	EndGlobalSection
EndGlobal
